
Microsoft Visual Studio Solution File, Format Version 12.00
# Visual Studio Version 17
VisualStudioVersion = 17.8.34525.116
MinimumVisualStudioVersion = 10.0.40219.1
Project("{9A19103F-16F7-4668-BE54-9A1E7A4F7556}") = "wep-api-food", "wep-api-food\wep-api-food.csproj", "{95ECD7B0-1CA8-4EB5-B2FD-FA7B2D246C3F}"
EndProject
Project("{9A19103F-16F7-4668-BE54-9A1E7A4F7556}") = "wep-api-food-delivery", "wep-api-food-delivery\wep-api-food-delivery.csproj", "{2AC95884-7044-4661-AB2F-0BD21D179B1A}"
EndProject
Project("{9A19103F-16F7-4668-BE54-9A1E7A4F7556}") = "web-api-food-auth", "web-api-food-auth\web-api-food-auth.csproj", "{A9FBD8C6-DBB5-45C4-ADAC-0B0D6F85D4BD}"
EndProject
Project("{9A19103F-16F7-4668-BE54-9A1E7A4F7556}") = "web-api-food-delivery.Tests", "web-api-food-delivery.Tests\web-api-food-delivery.Tests.csproj", "{916EBF7B-3321-488F-983B-72A08F55024B}"
EndProject
Project("{9A19103F-16F7-4668-BE54-9A1E7A4F7556}") = "web-api-food.Tests", "web-api-food.Tests\web-api-food.Tests.csproj", "{44426F54-005A-49DB-98AE-77535B59428A}"
EndProject
Global
	GlobalSection(SolutionConfigurationPlatforms) = preSolution
		Debug|Any CPU = Debug|Any CPU
		Release|Any CPU = Release|Any CPU
	EndGlobalSection
	GlobalSection(ProjectConfigurationPlatforms) = postSolution
		{95ECD7B0-1CA8-4EB5-B2FD-FA7B2D246C3F}.Debug|Any CPU.ActiveCfg = Debug|Any CPU
		{95ECD7B0-1CA8-4EB5-B2FD-FA7B2D246C3F}.Debug|Any CPU.Build.0 = Debug|Any CPU
		{95ECD7B0-1CA8-4EB5-B2FD-FA7B2D246C3F}.Release|Any CPU.ActiveCfg = Release|Any CPU
		{95ECD7B0-1CA8-4EB5-B2FD-FA7B2D246C3F}.Release|Any CPU.Build.0 = Release|Any CPU
		{2AC95884-7044-4661-AB2F-0BD21D179B1A}.Debug|Any CPU.ActiveCfg = Debug|Any CPU
		{2AC95884-7044-4661-AB2F-0BD21D179B1A}.Debug|Any CPU.Build.0 = Debug|Any CPU
		{2AC95884-7044-4661-AB2F-0BD21D179B1A}.Release|Any CPU.ActiveCfg = Release|Any CPU
		{2AC95884-7044-4661-AB2F-0BD21D179B1A}.Release|Any CPU.Build.0 = Release|Any CPU
		{A9FBD8C6-DBB5-45C4-ADAC-0B0D6F85D4BD}.Debug|Any CPU.ActiveCfg = Debug|Any CPU
		{A9FBD8C6-DBB5-45C4-ADAC-0B0D6F85D4BD}.Debug|Any CPU.Build.0 = Debug|Any CPU
		{A9FBD8C6-DBB5-45C4-ADAC-0B0D6F85D4BD}.Release|Any CPU.ActiveCfg = Release|Any CPU
		{A9FBD8C6-DBB5-45C4-ADAC-0B0D6F85D4BD}.Release|Any CPU.Build.0 = Release|Any CPU
		{916EBF7B-3321-488F-983B-72A08F55024B}.Debug|Any CPU.ActiveCfg = Debug|Any CPU
		{916EBF7B-3321-488F-983B-72A08F55024B}.Debug|Any CPU.Build.0 = Debug|Any CPU
		{916EBF7B-3321-488F-983B-72A08F55024B}.Release|Any CPU.ActiveCfg = Release|Any CPU
		{916EBF7B-3321-488F-983B-72A08F55024B}.Release|Any CPU.Build.0 = Release|Any CPU
		{44426F54-005A-49DB-98AE-77535B59428A}.Debug|Any CPU.ActiveCfg = Debug|Any CPU
		{44426F54-005A-49DB-98AE-77535B59428A}.Debug|Any CPU.Build.0 = Debug|Any CPU
		{44426F54-005A-49DB-98AE-77535B59428A}.Release|Any CPU.ActiveCfg = Release|Any CPU
		{44426F54-005A-49DB-98AE-77535B59428A}.Release|Any CPU.Build.0 = Release|Any CPU
	EndGlobalSection
	GlobalSection(SolutionProperties) = preSolution
		HideSolutionNode = FALSE
	EndGlobalSection
	GlobalSection(ExtensibilityGlobals) = postSolution
		SolutionGuid = {6ECD8330-80D7-4177-8219-36291FDBAA0E}
	EndGlobalSection
EndGlobal
